
Microsoft Visual Studio Solution File, Format Version 12.00
# Visual Studio Version 17
VisualStudioVersion = 17.8.34322.80
MinimumVisualStudioVersion = 10.0.40219.1
Project("{FAE04EC0-301F-11D3-BF4B-00C04F79EFBC}") = "ServeRest.Project", "ServeRest.Project.csproj", "{3D99381C-D791-47CF-8CD2-C0C43CDA5448}"
EndProject
Global
	GlobalSection(SolutionConfigurationPlatforms) = preSolution
		Debug|Any CPU = Debug|Any CPU
		Release|Any CPU = Release|Any CPU
	EndGlobalSection
	GlobalSection(ProjectConfigurationPlatforms) = postSolution
		{3D99381C-D791-47CF-8CD2-C0C43CDA5448}.Debug|Any CPU.ActiveCfg = Debug|Any CPU
		{3D99381C-D791-47CF-8CD2-C0C43CDA5448}.Debug|Any CPU.Build.0 = Debug|Any CPU
		{3D99381C-D791-47CF-8CD2-C0C43CDA5448}.Release|Any CPU.ActiveCfg = Release|Any CPU
		{3D99381C-D791-47CF-8CD2-C0C43CDA5448}.Release|Any CPU.Build.0 = Release|Any CPU
	EndGlobalSection
	GlobalSection(SolutionProperties) = preSolution
		HideSolutionNode = FALSE
	EndGlobalSection
	GlobalSection(ExtensibilityGlobals) = postSolution
		SolutionGuid = {DAECDE81-6C50-44C5-BD54-C47000E3E5E4}
	EndGlobalSection
EndGlobal
